
Microsoft Visual Studio Solution File, Format Version 12.00
# Visual Studio Version 16
VisualStudioVersion = 16.0.31729.503
MinimumVisualStudioVersion = 10.0.40219.1
Project("{FAE04EC0-301F-11D3-BF4B-00C04F79EFBC}") = "Lab1", "Lab1 - SolverThread\Lab1.csproj", "{7B7E06B0-8684-41E5-B8E3-3CB0144C2E7B}"
EndProject
Project("{FAE04EC0-301F-11D3-BF4B-00C04F79EFBC}") = "Lab2", "Lab2 - SolverAsync\Lab2.csproj", "{DE4DB354-0693-44F3-A2C5-DFF66E407E62}"
EndProject
Project("{FAE04EC0-301F-11D3-BF4B-00C04F79EFBC}") = "Lab3", "Lab3 - Downloader\Lab3.csproj", "{20557996-3A4A-42D7-9A35-17C65B042C8F}"
EndProject
Project("{FAE04EC0-301F-11D3-BF4B-00C04F79EFBC}") = "Lab4", "Lab4 - TextSwapper\Lab4.csproj", "{DD9F78EB-68E9-40AA-8B74-E05D0B14B9D2}"
EndProject
Project("{FAE04EC0-301F-11D3-BF4B-00C04F79EFBC}") = "Lab5", "Lab5 - TextEditor\Lab5.csproj", "{EC5BD236-14FD-439C-A345-24B102D4185B}"
EndProject
Project("{FAE04EC0-301F-11D3-BF4B-00C04F79EFBC}") = "Lab6", "Lab6 - PhotoViewer\Lab6.csproj", "{7EA4BBCA-F6DC-4D7A-9663-D70B7BA5B829}"
EndProject
Project("{FAE04EC0-301F-11D3-BF4B-00C04F79EFBC}") = "Lab7", "Lab7 - BankPayment\Lab7.csproj", "{6CF83302-EA33-4F34-9B5D-1B5EA3057366}"
EndProject
Project("{FAE04EC0-301F-11D3-BF4B-00C04F79EFBC}") = "Lab8", "Lab8 - TextEditor\Lab8.csproj", "{F9E0298D-2428-42C3-99F8-5331DFA3BD69}"
EndProject
Project("{FAE04EC0-301F-11D3-BF4B-00C04F79EFBC}") = "Lab9", "Lab9 - Paint\Lab9.csproj", "{1AE4D908-D225-4046-8228-B8E174BD24EB}"
EndProject
Project("{FAE04EC0-301F-11D3-BF4B-00C04F79EFBC}") = "Lab10", "Lab10 - DialogBox\Lab10.csproj", "{A6AD892B-933C-4691-B680-C7C47D643DCF}"
EndProject
Project("{9A19103F-16F7-4668-BE54-9A1E7A4F7556}") = "FileExplorer", "Lab12 - FileExplorer\FileExplorer.csproj", "{5D9BD20C-8685-47C8-940A-1CB31134B7C9}"
EndProject
Project("{FAE04EC0-301F-11D3-BF4B-00C04F79EFBC}") = "AuidoPlayer", "Lab13 - AudioPlayer\AuidoPlayer.csproj", "{8B0D9863-409A-4FDB-B2BA-0851B213D471}"
EndProject
Project("{9A19103F-16F7-4668-BE54-9A1E7A4F7556}") = "AudioBook", "C:\Users\Дан\Рабочий стол\lab14\Audibly\AudioBook.csproj", "{3B391657-5B17-41F3-B49B-FF1D422DCDC6}"
EndProject
Project("{9A19103F-16F7-4668-BE54-9A1E7A4F7556}") = "FileSearchApp", "Lab11 - FileSearch\FileSearchApp.csproj", "{7CFF80D7-BB20-40C0-B178-EFC74A4FCBB0}"
EndProject
Global
	GlobalSection(SolutionConfigurationPlatforms) = preSolution
		Debug|Any CPU = Debug|Any CPU
		Debug|x64 = Debug|x64
		Release|Any CPU = Release|Any CPU
		Release|x64 = Release|x64
	EndGlobalSection
	GlobalSection(ProjectConfigurationPlatforms) = postSolution
		{7B7E06B0-8684-41E5-B8E3-3CB0144C2E7B}.Debug|Any CPU.ActiveCfg = Debug|Any CPU
		{7B7E06B0-8684-41E5-B8E3-3CB0144C2E7B}.Debug|Any CPU.Build.0 = Debug|Any CPU
		{7B7E06B0-8684-41E5-B8E3-3CB0144C2E7B}.Debug|x64.ActiveCfg = Debug|Any CPU
		{7B7E06B0-8684-41E5-B8E3-3CB0144C2E7B}.Debug|x64.Build.0 = Debug|Any CPU
		{7B7E06B0-8684-41E5-B8E3-3CB0144C2E7B}.Release|Any CPU.ActiveCfg = Release|Any CPU
		{7B7E06B0-8684-41E5-B8E3-3CB0144C2E7B}.Release|Any CPU.Build.0 = Release|Any CPU
		{7B7E06B0-8684-41E5-B8E3-3CB0144C2E7B}.Release|x64.ActiveCfg = Release|Any CPU
		{7B7E06B0-8684-41E5-B8E3-3CB0144C2E7B}.Release|x64.Build.0 = Release|Any CPU
		{DE4DB354-0693-44F3-A2C5-DFF66E407E62}.Debug|Any CPU.ActiveCfg = Debug|Any CPU
		{DE4DB354-0693-44F3-A2C5-DFF66E407E62}.Debug|Any CPU.Build.0 = Debug|Any CPU
		{DE4DB354-0693-44F3-A2C5-DFF66E407E62}.Debug|x64.ActiveCfg = Debug|Any CPU
		{DE4DB354-0693-44F3-A2C5-DFF66E407E62}.Debug|x64.Build.0 = Debug|Any CPU
		{DE4DB354-0693-44F3-A2C5-DFF66E407E62}.Release|Any CPU.ActiveCfg = Release|Any CPU
		{DE4DB354-0693-44F3-A2C5-DFF66E407E62}.Release|Any CPU.Build.0 = Release|Any CPU
		{DE4DB354-0693-44F3-A2C5-DFF66E407E62}.Release|x64.ActiveCfg = Release|Any CPU
		{DE4DB354-0693-44F3-A2C5-DFF66E407E62}.Release|x64.Build.0 = Release|Any CPU
		{20557996-3A4A-42D7-9A35-17C65B042C8F}.Debug|Any CPU.ActiveCfg = Debug|Any CPU
		{20557996-3A4A-42D7-9A35-17C65B042C8F}.Debug|Any CPU.Build.0 = Debug|Any CPU
		{20557996-3A4A-42D7-9A35-17C65B042C8F}.Debug|x64.ActiveCfg = Debug|Any CPU
		{20557996-3A4A-42D7-9A35-17C65B042C8F}.Debug|x64.Build.0 = Debug|Any CPU
		{20557996-3A4A-42D7-9A35-17C65B042C8F}.Release|Any CPU.ActiveCfg = Release|Any CPU
		{20557996-3A4A-42D7-9A35-17C65B042C8F}.Release|Any CPU.Build.0 = Release|Any CPU
		{20557996-3A4A-42D7-9A35-17C65B042C8F}.Release|x64.ActiveCfg = Release|Any CPU
		{20557996-3A4A-42D7-9A35-17C65B042C8F}.Release|x64.Build.0 = Release|Any CPU
		{DD9F78EB-68E9-40AA-8B74-E05D0B14B9D2}.Debug|Any CPU.ActiveCfg = Debug|Any CPU
		{DD9F78EB-68E9-40AA-8B74-E05D0B14B9D2}.Debug|Any CPU.Build.0 = Debug|Any CPU
		{DD9F78EB-68E9-40AA-8B74-E05D0B14B9D2}.Debug|x64.ActiveCfg = Debug|Any CPU
		{DD9F78EB-68E9-40AA-8B74-E05D0B14B9D2}.Debug|x64.Build.0 = Debug|Any CPU
		{DD9F78EB-68E9-40AA-8B74-E05D0B14B9D2}.Release|Any CPU.ActiveCfg = Release|Any CPU
		{DD9F78EB-68E9-40AA-8B74-E05D0B14B9D2}.Release|Any CPU.Build.0 = Release|Any CPU
		{DD9F78EB-68E9-40AA-8B74-E05D0B14B9D2}.Release|x64.ActiveCfg = Release|Any CPU
		{DD9F78EB-68E9-40AA-8B74-E05D0B14B9D2}.Release|x64.Build.0 = Release|Any CPU
		{EC5BD236-14FD-439C-A345-24B102D4185B}.Debug|Any CPU.ActiveCfg = Debug|Any CPU
		{EC5BD236-14FD-439C-A345-24B102D4185B}.Debug|Any CPU.Build.0 = Debug|Any CPU
		{EC5BD236-14FD-439C-A345-24B102D4185B}.Debug|x64.ActiveCfg = Debug|Any CPU
		{EC5BD236-14FD-439C-A345-24B102D4185B}.Debug|x64.Build.0 = Debug|Any CPU
		{EC5BD236-14FD-439C-A345-24B102D4185B}.Release|Any CPU.ActiveCfg = Release|Any CPU
		{EC5BD236-14FD-439C-A345-24B102D4185B}.Release|Any CPU.Build.0 = Release|Any CPU
		{EC5BD236-14FD-439C-A345-24B102D4185B}.Release|x64.ActiveCfg = Release|Any CPU
		{EC5BD236-14FD-439C-A345-24B102D4185B}.Release|x64.Build.0 = Release|Any CPU
		{7EA4BBCA-F6DC-4D7A-9663-D70B7BA5B829}.Debug|Any CPU.ActiveCfg = Debug|Any CPU
		{7EA4BBCA-F6DC-4D7A-9663-D70B7BA5B829}.Debug|Any CPU.Build.0 = Debug|Any CPU
		{7EA4BBCA-F6DC-4D7A-9663-D70B7BA5B829}.Debug|x64.ActiveCfg = Debug|Any CPU
		{7EA4BBCA-F6DC-4D7A-9663-D70B7BA5B829}.Debug|x64.Build.0 = Debug|Any CPU
		{7EA4BBCA-F6DC-4D7A-9663-D70B7BA5B829}.Release|Any CPU.ActiveCfg = Release|Any CPU
		{7EA4BBCA-F6DC-4D7A-9663-D70B7BA5B829}.Release|Any CPU.Build.0 = Release|Any CPU
		{7EA4BBCA-F6DC-4D7A-9663-D70B7BA5B829}.Release|x64.ActiveCfg = Release|Any CPU
		{7EA4BBCA-F6DC-4D7A-9663-D70B7BA5B829}.Release|x64.Build.0 = Release|Any CPU
		{6CF83302-EA33-4F34-9B5D-1B5EA3057366}.Debug|Any CPU.ActiveCfg = Debug|Any CPU
		{6CF83302-EA33-4F34-9B5D-1B5EA3057366}.Debug|Any CPU.Build.0 = Debug|Any CPU
		{6CF83302-EA33-4F34-9B5D-1B5EA3057366}.Debug|x64.ActiveCfg = Debug|Any CPU
		{6CF83302-EA33-4F34-9B5D-1B5EA3057366}.Debug|x64.Build.0 = Debug|Any CPU
		{6CF83302-EA33-4F34-9B5D-1B5EA3057366}.Release|Any CPU.ActiveCfg = Release|Any CPU
		{6CF83302-EA33-4F34-9B5D-1B5EA3057366}.Release|Any CPU.Build.0 = Release|Any CPU
		{6CF83302-EA33-4F34-9B5D-1B5EA3057366}.Release|x64.ActiveCfg = Release|Any CPU
		{6CF83302-EA33-4F34-9B5D-1B5EA3057366}.Release|x64.Build.0 = Release|Any CPU
		{F9E0298D-2428-42C3-99F8-5331DFA3BD69}.Debug|Any CPU.ActiveCfg = Debug|Any CPU
		{F9E0298D-2428-42C3-99F8-5331DFA3BD69}.Debug|Any CPU.Build.0 = Debug|Any CPU
		{F9E0298D-2428-42C3-99F8-5331DFA3BD69}.Debug|x64.ActiveCfg = Debug|Any CPU
		{F9E0298D-2428-42C3-99F8-5331DFA3BD69}.Debug|x64.Build.0 = Debug|Any CPU
		{F9E0298D-2428-42C3-99F8-5331DFA3BD69}.Release|Any CPU.ActiveCfg = Release|Any CPU
		{F9E0298D-2428-42C3-99F8-5331DFA3BD69}.Release|Any CPU.Build.0 = Release|Any CPU
		{F9E0298D-2428-42C3-99F8-5331DFA3BD69}.Release|x64.ActiveCfg = Release|Any CPU
		{F9E0298D-2428-42C3-99F8-5331DFA3BD69}.Release|x64.Build.0 = Release|Any CPU
		{1AE4D908-D225-4046-8228-B8E174BD24EB}.Debug|Any CPU.ActiveCfg = Debug|Any CPU
		{1AE4D908-D225-4046-8228-B8E174BD24EB}.Debug|Any CPU.Build.0 = Debug|Any CPU
		{1AE4D908-D225-4046-8228-B8E174BD24EB}.Debug|x64.ActiveCfg = Debug|Any CPU
		{1AE4D908-D225-4046-8228-B8E174BD24EB}.Debug|x64.Build.0 = Debug|Any CPU
		{1AE4D908-D225-4046-8228-B8E174BD24EB}.Release|Any CPU.ActiveCfg = Release|Any CPU
		{1AE4D908-D225-4046-8228-B8E174BD24EB}.Release|Any CPU.Build.0 = Release|Any CPU
		{1AE4D908-D225-4046-8228-B8E174BD24EB}.Release|x64.ActiveCfg = Release|Any CPU
		{1AE4D908-D225-4046-8228-B8E174BD24EB}.Release|x64.Build.0 = Release|Any CPU
		{A6AD892B-933C-4691-B680-C7C47D643DCF}.Debug|Any CPU.ActiveCfg = Debug|Any CPU
		{A6AD892B-933C-4691-B680-C7C47D643DCF}.Debug|Any CPU.Build.0 = Debug|Any CPU
		{A6AD892B-933C-4691-B680-C7C47D643DCF}.Debug|x64.ActiveCfg = Debug|Any CPU
		{A6AD892B-933C-4691-B680-C7C47D643DCF}.Debug|x64.Build.0 = Debug|Any CPU
		{A6AD892B-933C-4691-B680-C7C47D643DCF}.Release|Any CPU.ActiveCfg = Release|Any CPU
		{A6AD892B-933C-4691-B680-C7C47D643DCF}.Release|Any CPU.Build.0 = Release|Any CPU
		{A6AD892B-933C-4691-B680-C7C47D643DCF}.Release|x64.ActiveCfg = Release|Any CPU
		{A6AD892B-933C-4691-B680-C7C47D643DCF}.Release|x64.Build.0 = Release|Any CPU
		{5D9BD20C-8685-47C8-940A-1CB31134B7C9}.Debug|Any CPU.ActiveCfg = Debug|Any CPU
		{5D9BD20C-8685-47C8-940A-1CB31134B7C9}.Debug|Any CPU.Build.0 = Debug|Any CPU
		{5D9BD20C-8685-47C8-940A-1CB31134B7C9}.Debug|x64.ActiveCfg = Debug|Any CPU
		{5D9BD20C-8685-47C8-940A-1CB31134B7C9}.Debug|x64.Build.0 = Debug|Any CPU
		{5D9BD20C-8685-47C8-940A-1CB31134B7C9}.Release|Any CPU.ActiveCfg = Release|Any CPU
		{5D9BD20C-8685-47C8-940A-1CB31134B7C9}.Release|Any CPU.Build.0 = Release|Any CPU
		{5D9BD20C-8685-47C8-940A-1CB31134B7C9}.Release|x64.ActiveCfg = Release|Any CPU
		{5D9BD20C-8685-47C8-940A-1CB31134B7C9}.Release|x64.Build.0 = Release|Any CPU
		{8B0D9863-409A-4FDB-B2BA-0851B213D471}.Debug|Any CPU.ActiveCfg = Debug|Any CPU
		{8B0D9863-409A-4FDB-B2BA-0851B213D471}.Debug|Any CPU.Build.0 = Debug|Any CPU
		{8B0D9863-409A-4FDB-B2BA-0851B213D471}.Debug|x64.ActiveCfg = Debug|Any CPU
		{8B0D9863-409A-4FDB-B2BA-0851B213D471}.Debug|x64.Build.0 = Debug|Any CPU
		{8B0D9863-409A-4FDB-B2BA-0851B213D471}.Release|Any CPU.ActiveCfg = Release|Any CPU
		{8B0D9863-409A-4FDB-B2BA-0851B213D471}.Release|Any CPU.Build.0 = Release|Any CPU
		{8B0D9863-409A-4FDB-B2BA-0851B213D471}.Release|x64.ActiveCfg = Release|Any CPU
		{8B0D9863-409A-4FDB-B2BA-0851B213D471}.Release|x64.Build.0 = Release|Any CPU
		{3B391657-5B17-41F3-B49B-FF1D422DCDC6}.Debug|Any CPU.ActiveCfg = Debug|Any CPU
		{3B391657-5B17-41F3-B49B-FF1D422DCDC6}.Debug|Any CPU.Build.0 = Debug|Any CPU
		{3B391657-5B17-41F3-B49B-FF1D422DCDC6}.Debug|x64.ActiveCfg = Debug|x64
		{3B391657-5B17-41F3-B49B-FF1D422DCDC6}.Debug|x64.Build.0 = Debug|x64
		{3B391657-5B17-41F3-B49B-FF1D422DCDC6}.Release|Any CPU.ActiveCfg = Release|Any CPU
		{3B391657-5B17-41F3-B49B-FF1D422DCDC6}.Release|Any CPU.Build.0 = Release|Any CPU
		{3B391657-5B17-41F3-B49B-FF1D422DCDC6}.Release|x64.ActiveCfg = Release|x64
		{3B391657-5B17-41F3-B49B-FF1D422DCDC6}.Release|x64.Build.0 = Release|x64
		{7CFF80D7-BB20-40C0-B178-EFC74A4FCBB0}.Debug|Any CPU.ActiveCfg = Debug|Any CPU
		{7CFF80D7-BB20-40C0-B178-EFC74A4FCBB0}.Debug|Any CPU.Build.0 = Debug|Any CPU
		{7CFF80D7-BB20-40C0-B178-EFC74A4FCBB0}.Debug|x64.ActiveCfg = Debug|Any CPU
		{7CFF80D7-BB20-40C0-B178-EFC74A4FCBB0}.Debug|x64.Build.0 = Debug|Any CPU
		{7CFF80D7-BB20-40C0-B178-EFC74A4FCBB0}.Release|Any CPU.ActiveCfg = Release|Any CPU
		{7CFF80D7-BB20-40C0-B178-EFC74A4FCBB0}.Release|Any CPU.Build.0 = Release|Any CPU
		{7CFF80D7-BB20-40C0-B178-EFC74A4FCBB0}.Release|x64.ActiveCfg = Release|Any CPU
		{7CFF80D7-BB20-40C0-B178-EFC74A4FCBB0}.Release|x64.Build.0 = Release|Any CPU
	EndGlobalSection
	GlobalSection(SolutionProperties) = preSolution
		HideSolutionNode = FALSE
	EndGlobalSection
	GlobalSection(ExtensibilityGlobals) = postSolution
		SolutionGuid = {BFD4AF67-9B7B-49EF-A504-2A2E9F538221}
	EndGlobalSection
EndGlobal
